
Microsoft Visual Studio Solution File, Format Version 12.00
# Visual Studio 14
VisualStudioVersion = 14.0.23107.0
MinimumVisualStudioVersion = 10.0.40219.1
Project("{FAE04EC0-301F-11D3-BF4B-00C04F79EFBC}") = "Statium.Alpha.Remote", "Statium.Alpha.Remote\Statium.Alpha.Remote.csproj", "{EB47587B-E7B7-4DF9-BE30-6023848A68AA}"
EndProject
Project("{FAE04EC0-301F-11D3-BF4B-00C04F79EFBC}") = "Statium.Alpha.Remote.Launcher", "Statium.Alpha.Remote.Launcher\Statium.Alpha.Remote.Launcher.csproj", "{97AF9B6C-4D5D-45A8-851C-1B6BD1B11B41}"
EndProject
Project("{FAE04EC0-301F-11D3-BF4B-00C04F79EFBC}") = "Statium.Alpha.Remote.Data", "Statium.Alpha.Remote.Data\Statium.Alpha.Remote.Data.csproj", "{0FCDF5DD-3C5B-4525-A55A-D1CD26076535}"
EndProject
Project("{FAE04EC0-301F-11D3-BF4B-00C04F79EFBC}") = "LauncherTest", "LauncherTest\LauncherTest.csproj", "{29BCFE0A-B21B-4FCC-81FE-4F8EBDE9DEEC}"
EndProject
Global
	GlobalSection(SolutionConfigurationPlatforms) = preSolution
		Debug|Any CPU = Debug|Any CPU
		Release|Any CPU = Release|Any CPU
	EndGlobalSection
	GlobalSection(ProjectConfigurationPlatforms) = postSolution
		{EB47587B-E7B7-4DF9-BE30-6023848A68AA}.Debug|Any CPU.ActiveCfg = Debug|Any CPU
		{EB47587B-E7B7-4DF9-BE30-6023848A68AA}.Debug|Any CPU.Build.0 = Debug|Any CPU
		{EB47587B-E7B7-4DF9-BE30-6023848A68AA}.Release|Any CPU.ActiveCfg = Release|Any CPU
		{EB47587B-E7B7-4DF9-BE30-6023848A68AA}.Release|Any CPU.Build.0 = Release|Any CPU
		{97AF9B6C-4D5D-45A8-851C-1B6BD1B11B41}.Debug|Any CPU.ActiveCfg = Debug|Any CPU
		{97AF9B6C-4D5D-45A8-851C-1B6BD1B11B41}.Debug|Any CPU.Build.0 = Debug|Any CPU
		{97AF9B6C-4D5D-45A8-851C-1B6BD1B11B41}.Release|Any CPU.ActiveCfg = Release|Any CPU
		{97AF9B6C-4D5D-45A8-851C-1B6BD1B11B41}.Release|Any CPU.Build.0 = Release|Any CPU
		{0FCDF5DD-3C5B-4525-A55A-D1CD26076535}.Debug|Any CPU.ActiveCfg = Debug|Any CPU
		{0FCDF5DD-3C5B-4525-A55A-D1CD26076535}.Debug|Any CPU.Build.0 = Debug|Any CPU
		{0FCDF5DD-3C5B-4525-A55A-D1CD26076535}.Release|Any CPU.ActiveCfg = Release|Any CPU
		{0FCDF5DD-3C5B-4525-A55A-D1CD26076535}.Release|Any CPU.Build.0 = Release|Any CPU
		{29BCFE0A-B21B-4FCC-81FE-4F8EBDE9DEEC}.Debug|Any CPU.ActiveCfg = Debug|Any CPU
		{29BCFE0A-B21B-4FCC-81FE-4F8EBDE9DEEC}.Debug|Any CPU.Build.0 = Debug|Any CPU
		{29BCFE0A-B21B-4FCC-81FE-4F8EBDE9DEEC}.Release|Any CPU.ActiveCfg = Release|Any CPU
		{29BCFE0A-B21B-4FCC-81FE-4F8EBDE9DEEC}.Release|Any CPU.Build.0 = Release|Any CPU
	EndGlobalSection
	GlobalSection(SolutionProperties) = preSolution
		HideSolutionNode = FALSE
	EndGlobalSection
EndGlobal
